
Microsoft Visual Studio Solution File, Format Version 12.00
# Visual Studio Version 16
VisualStudioVersion = 16.0.30717.126
MinimumVisualStudioVersion = 10.0.40219.1
Project("{FAE04EC0-301F-11D3-BF4B-00C04F79EFBC}") = "Labeler.Core", "Labeler.Core\Labeler.Core.csproj", "{257532F0-3553-490D-97D0-2323EA5FADDF}"
EndProject
Project("{FAE04EC0-301F-11D3-BF4B-00C04F79EFBC}") = "Labeler.UseCaseExample", "Labeler.UseCaseExample\Labeler.UseCaseExample.csproj", "{E9F83830-FC72-4F06-8063-6B94131313B5}"
EndProject
Project("{FAE04EC0-301F-11D3-BF4B-00C04F79EFBC}") = "Labeler.Tests", "Labeler.Tests\Labeler.Tests.csproj", "{EE548D1F-432C-443C-8FC9-7541EBC28602}"
EndProject
Global
	GlobalSection(SolutionConfigurationPlatforms) = preSolution
		Debug|Any CPU = Debug|Any CPU
		Release|Any CPU = Release|Any CPU
	EndGlobalSection
	GlobalSection(ProjectConfigurationPlatforms) = postSolution
		{257532F0-3553-490D-97D0-2323EA5FADDF}.Debug|Any CPU.ActiveCfg = Debug|Any CPU
		{257532F0-3553-490D-97D0-2323EA5FADDF}.Debug|Any CPU.Build.0 = Debug|Any CPU
		{257532F0-3553-490D-97D0-2323EA5FADDF}.Release|Any CPU.ActiveCfg = Release|Any CPU
		{257532F0-3553-490D-97D0-2323EA5FADDF}.Release|Any CPU.Build.0 = Release|Any CPU
		{E9F83830-FC72-4F06-8063-6B94131313B5}.Debug|Any CPU.ActiveCfg = Debug|Any CPU
		{E9F83830-FC72-4F06-8063-6B94131313B5}.Debug|Any CPU.Build.0 = Debug|Any CPU
		{E9F83830-FC72-4F06-8063-6B94131313B5}.Release|Any CPU.ActiveCfg = Release|Any CPU
		{E9F83830-FC72-4F06-8063-6B94131313B5}.Release|Any CPU.Build.0 = Release|Any CPU
		{EE548D1F-432C-443C-8FC9-7541EBC28602}.Debug|Any CPU.ActiveCfg = Debug|Any CPU
		{EE548D1F-432C-443C-8FC9-7541EBC28602}.Debug|Any CPU.Build.0 = Debug|Any CPU
		{EE548D1F-432C-443C-8FC9-7541EBC28602}.Release|Any CPU.ActiveCfg = Release|Any CPU
		{EE548D1F-432C-443C-8FC9-7541EBC28602}.Release|Any CPU.Build.0 = Release|Any CPU
	EndGlobalSection
	GlobalSection(SolutionProperties) = preSolution
		HideSolutionNode = FALSE
	EndGlobalSection
	GlobalSection(ExtensibilityGlobals) = postSolution
		SolutionGuid = {D0E95525-DF29-4BA0-B8A7-073980270795}
	EndGlobalSection
EndGlobal
